// !$*UTF8*$!
{
	archiveVersion = 1;
	classes = {
	};
	objectVersion = 56;
	objects = {

/* Begin PBXBuildFile section */
		404A16FC2BB3A93F00793610 /* AppDelegate.swift in Sources */ = {isa = PBXBuildFile; fileRef = 404A16FB2BB3A93F00793610 /* AppDelegate.swift */; };
		404A16FE2BB3A93F00793610 /* SceneDelegate.swift in Sources */ = {isa = PBXBuildFile; fileRef = 404A16FD2BB3A93F00793610 /* SceneDelegate.swift */; };
		404A17002BB3A93F00793610 /* BaseViewController.swift in Sources */ = {isa = PBXBuildFile; fileRef = 404A16FF2BB3A93F00793610 /* BaseViewController.swift */; };
		404A17062BB3A93F00793610 /* RecipeApp.xcdatamodeld in Sources */ = {isa = PBXBuildFile; fileRef = 404A17042BB3A93F00793610 /* RecipeApp.xcdatamodeld */; };
		404A17082BB3A94000793610 /* Assets.xcassets in Resources */ = {isa = PBXBuildFile; fileRef = 404A17072BB3A94000793610 /* Assets.xcassets */; };
		404A170B2BB3A94000793610 /* LaunchScreen.storyboard in Resources */ = {isa = PBXBuildFile; fileRef = 404A17092BB3A94000793610 /* LaunchScreen.storyboard */; };
		404A17162BB3A94000793610 /* RecipeAppTests.swift in Sources */ = {isa = PBXBuildFile; fileRef = 404A17152BB3A94000793610 /* RecipeAppTests.swift */; };
		404A17202BB3A94000793610 /* RecipeAppUITests.swift in Sources */ = {isa = PBXBuildFile; fileRef = 404A171F2BB3A94000793610 /* RecipeAppUITests.swift */; };
		404A17222BB3A94000793610 /* RecipeAppUITestsLaunchTests.swift in Sources */ = {isa = PBXBuildFile; fileRef = 404A17212BB3A94000793610 /* RecipeAppUITestsLaunchTests.swift */; };
		404A17322BB3B1C700793610 /* CategoriesViewModel.swift in Sources */ = {isa = PBXBuildFile; fileRef = 404A17312BB3B1C700793610 /* CategoriesViewModel.swift */; };
		404A17352BB49EEB00793610 /* Constants.swift in Sources */ = {isa = PBXBuildFile; fileRef = 404A17342BB49EEB00793610 /* Constants.swift */; };
		404A17392BB4A47D00793610 /* Category.swift in Sources */ = {isa = PBXBuildFile; fileRef = 404A17382BB4A47D00793610 /* Category.swift */; };
		404A173B2BB4B07800793610 /* CategoriesTableViewCell.swift in Sources */ = {isa = PBXBuildFile; fileRef = 404A173A2BB4B07800793610 /* CategoriesTableViewCell.swift */; };
		404A173D2BB5586700793610 /* RecipeDetailViewController.swift in Sources */ = {isa = PBXBuildFile; fileRef = 404A173C2BB5586700793610 /* RecipeDetailViewController.swift */; };
		404A173F2BB559A300793610 /* Recipe.swift in Sources */ = {isa = PBXBuildFile; fileRef = 404A173E2BB559A300793610 /* Recipe.swift */; };
		404A17412BB55DEA00793610 /* Meal.swift in Sources */ = {isa = PBXBuildFile; fileRef = 404A17402BB55DEA00793610 /* Meal.swift */; };
		404A17432BB79BFF00793610 /* RecipeViewModel.swift in Sources */ = {isa = PBXBuildFile; fileRef = 404A17422BB79BFF00793610 /* RecipeViewModel.swift */; };
		404A17462BB7A20B00793610 /* APICalls.swift in Sources */ = {isa = PBXBuildFile; fileRef = 404A17452BB7A20B00793610 /* APICalls.swift */; };
		404A17482BB7D29200793610 /* CategoriesViewController.swift in Sources */ = {isa = PBXBuildFile; fileRef = 404A17472BB7D29200793610 /* CategoriesViewController.swift */; };
		404A174A2BB8A7B300793610 /* MealsTableViewCell.swift in Sources */ = {isa = PBXBuildFile; fileRef = 404A17492BB8A7B300793610 /* MealsTableViewCell.swift */; };
/* End PBXBuildFile section */

/* Begin PBXContainerItemProxy section */
		404A17122BB3A94000793610 /* PBXContainerItemProxy */ = {
			isa = PBXContainerItemProxy;
			containerPortal = 404A16F02BB3A93F00793610 /* Project object */;
			proxyType = 1;
			remoteGlobalIDString = 404A16F72BB3A93F00793610;
			remoteInfo = RecipeApp;
		};
		404A171C2BB3A94000793610 /* PBXContainerItemProxy */ = {
			isa = PBXContainerItemProxy;
			containerPortal = 404A16F02BB3A93F00793610 /* Project object */;
			proxyType = 1;
			remoteGlobalIDString = 404A16F72BB3A93F00793610;
			remoteInfo = RecipeApp;
		};
/* End PBXContainerItemProxy section */

/* Begin PBXFileReference section */
		404A16F82BB3A93F00793610 /* RecipeApp.app */ = {isa = PBXFileReference; explicitFileType = wrapper.application; includeInIndex = 0; path = RecipeApp.app; sourceTree = BUILT_PRODUCTS_DIR; };
		404A16FB2BB3A93F00793610 /* AppDelegate.swift */ = {isa = PBXFileReference; lastKnownFileType = sourcecode.swift; path = AppDelegate.swift; sourceTree = "<group>"; };
		404A16FD2BB3A93F00793610 /* SceneDelegate.swift */ = {isa = PBXFileReference; lastKnownFileType = sourcecode.swift; path = SceneDelegate.swift; sourceTree = "<group>"; };
		404A16FF2BB3A93F00793610 /* BaseViewController.swift */ = {isa = PBXFileReference; lastKnownFileType = sourcecode.swift; path = BaseViewController.swift; sourceTree = "<group>"; };
		404A17052BB3A93F00793610 /* RecipeApp.xcdatamodel */ = {isa = PBXFileReference; lastKnownFileType = wrapper.xcdatamodel; path = RecipeApp.xcdatamodel; sourceTree = "<group>"; };
		404A17072BB3A94000793610 /* Assets.xcassets */ = {isa = PBXFileReference; lastKnownFileType = folder.assetcatalog; path = Assets.xcassets; sourceTree = "<group>"; };
		404A170A2BB3A94000793610 /* Base */ = {isa = PBXFileReference; lastKnownFileType = file.storyboard; name = Base; path = Base.lproj/LaunchScreen.storyboard; sourceTree = "<group>"; };
		404A170C2BB3A94000793610 /* Info.plist */ = {isa = PBXFileReference; lastKnownFileType = text.plist.xml; path = Info.plist; sourceTree = "<group>"; };
		404A17112BB3A94000793610 /* RecipeAppTests.xctest */ = {isa = PBXFileReference; explicitFileType = wrapper.cfbundle; includeInIndex = 0; path = RecipeAppTests.xctest; sourceTree = BUILT_PRODUCTS_DIR; };
		404A17152BB3A94000793610 /* RecipeAppTests.swift */ = {isa = PBXFileReference; lastKnownFileType = sourcecode.swift; path = RecipeAppTests.swift; sourceTree = "<group>"; };
		404A171B2BB3A94000793610 /* RecipeAppUITests.xctest */ = {isa = PBXFileReference; explicitFileType = wrapper.cfbundle; includeInIndex = 0; path = RecipeAppUITests.xctest; sourceTree = BUILT_PRODUCTS_DIR; };
		404A171F2BB3A94000793610 /* RecipeAppUITests.swift */ = {isa = PBXFileReference; lastKnownFileType = sourcecode.swift; path = RecipeAppUITests.swift; sourceTree = "<group>"; };
		404A17212BB3A94000793610 /* RecipeAppUITestsLaunchTests.swift */ = {isa = PBXFileReference; lastKnownFileType = sourcecode.swift; path = RecipeAppUITestsLaunchTests.swift; sourceTree = "<group>"; };
		404A17312BB3B1C700793610 /* CategoriesViewModel.swift */ = {isa = PBXFileReference; lastKnownFileType = sourcecode.swift; path = CategoriesViewModel.swift; sourceTree = "<group>"; };
		404A17342BB49EEB00793610 /* Constants.swift */ = {isa = PBXFileReference; lastKnownFileType = sourcecode.swift; path = Constants.swift; sourceTree = "<group>"; };
		404A17382BB4A47D00793610 /* Category.swift */ = {isa = PBXFileReference; lastKnownFileType = sourcecode.swift; path = Category.swift; sourceTree = "<group>"; };
		404A173A2BB4B07800793610 /* CategoriesTableViewCell.swift */ = {isa = PBXFileReference; lastKnownFileType = sourcecode.swift; path = CategoriesTableViewCell.swift; sourceTree = "<group>"; };
		404A173C2BB5586700793610 /* RecipeDetailViewController.swift */ = {isa = PBXFileReference; lastKnownFileType = sourcecode.swift; path = RecipeDetailViewController.swift; sourceTree = "<group>"; };
		404A173E2BB559A300793610 /* Recipe.swift */ = {isa = PBXFileReference; lastKnownFileType = sourcecode.swift; path = Recipe.swift; sourceTree = "<group>"; };
		404A17402BB55DEA00793610 /* Meal.swift */ = {isa = PBXFileReference; lastKnownFileType = sourcecode.swift; path = Meal.swift; sourceTree = "<group>"; };
		404A17422BB79BFF00793610 /* RecipeViewModel.swift */ = {isa = PBXFileReference; lastKnownFileType = sourcecode.swift; path = RecipeViewModel.swift; sourceTree = "<group>"; };
		404A17452BB7A20B00793610 /* APICalls.swift */ = {isa = PBXFileReference; lastKnownFileType = sourcecode.swift; path = APICalls.swift; sourceTree = "<group>"; };
		404A17472BB7D29200793610 /* CategoriesViewController.swift */ = {isa = PBXFileReference; lastKnownFileType = sourcecode.swift; path = CategoriesViewController.swift; sourceTree = "<group>"; };
		404A17492BB8A7B300793610 /* MealsTableViewCell.swift */ = {isa = PBXFileReference; lastKnownFileType = sourcecode.swift; path = MealsTableViewCell.swift; sourceTree = "<group>"; };
/* End PBXFileReference section */

/* Begin PBXFrameworksBuildPhase section */
		404A16F52BB3A93F00793610 /* Frameworks */ = {
			isa = PBXFrameworksBuildPhase;
			buildActionMask = 2147483647;
			files = (
			);
			runOnlyForDeploymentPostprocessing = 0;
		};
		404A170E2BB3A94000793610 /* Frameworks */ = {
			isa = PBXFrameworksBuildPhase;
			buildActionMask = 2147483647;
			files = (
			);
			runOnlyForDeploymentPostprocessing = 0;
		};
		404A17182BB3A94000793610 /* Frameworks */ = {
			isa = PBXFrameworksBuildPhase;
			buildActionMask = 2147483647;
			files = (
			);
			runOnlyForDeploymentPostprocessing = 0;
		};
/* End PBXFrameworksBuildPhase section */

/* Begin PBXGroup section */
		404A16EF2BB3A93F00793610 = {
			isa = PBXGroup;
			children = (
				404A16FA2BB3A93F00793610 /* RecipeApp */,
				404A17142BB3A94000793610 /* RecipeAppTests */,
				404A171E2BB3A94000793610 /* RecipeAppUITests */,
				404A16F92BB3A93F00793610 /* Products */,
			);
			sourceTree = "<group>";
		};
		404A16F92BB3A93F00793610 /* Products */ = {
			isa = PBXGroup;
			children = (
				404A16F82BB3A93F00793610 /* RecipeApp.app */,
				404A17112BB3A94000793610 /* RecipeAppTests.xctest */,
				404A171B2BB3A94000793610 /* RecipeAppUITests.xctest */,
			);
			name = Products;
			sourceTree = "<group>";
		};
		404A16FA2BB3A93F00793610 /* RecipeApp */ = {
			isa = PBXGroup;
			children = (
				404A17442BB7A1FC00793610 /* API */,
				404A17372BB4A0AC00793610 /* ViewController */,
				404A17362BB49FB200793610 /* Other */,
				404A17302BB3B19B00793610 /* Model */,
				404A172F2BB3B18300793610 /* ViewModel */,
				404A172E2BB3B17000793610 /* View */,
				404A170C2BB3A94000793610 /* Info.plist */,
			);
			path = RecipeApp;
			sourceTree = "<group>";
		};
		404A17142BB3A94000793610 /* RecipeAppTests */ = {
			isa = PBXGroup;
			children = (
				404A17152BB3A94000793610 /* RecipeAppTests.swift */,
			);
			path = RecipeAppTests;
			sourceTree = "<group>";
		};
		404A171E2BB3A94000793610 /* RecipeAppUITests */ = {
			isa = PBXGroup;
			children = (
				404A171F2BB3A94000793610 /* RecipeAppUITests.swift */,
				404A17212BB3A94000793610 /* RecipeAppUITestsLaunchTests.swift */,
			);
			path = RecipeAppUITests;
			sourceTree = "<group>";
		};
		404A172E2BB3B17000793610 /* View */ = {
			isa = PBXGroup;
			children = (
				404A173A2BB4B07800793610 /* CategoriesTableViewCell.swift */,
				404A17492BB8A7B300793610 /* MealsTableViewCell.swift */,
			);
			path = View;
			sourceTree = "<group>";
		};
		404A172F2BB3B18300793610 /* ViewModel */ = {
			isa = PBXGroup;
			children = (
				404A17312BB3B1C700793610 /* CategoriesViewModel.swift */,
				404A17422BB79BFF00793610 /* RecipeViewModel.swift */,
			);
			path = ViewModel;
			sourceTree = "<group>";
		};
		404A17302BB3B19B00793610 /* Model */ = {
			isa = PBXGroup;
			children = (
				404A17382BB4A47D00793610 /* Category.swift */,
				404A173E2BB559A300793610 /* Recipe.swift */,
				404A17402BB55DEA00793610 /* Meal.swift */,
			);
			path = Model;
			sourceTree = "<group>";
		};
		404A17362BB49FB200793610 /* Other */ = {
			isa = PBXGroup;
			children = (
				404A17042BB3A93F00793610 /* RecipeApp.xcdatamodeld */,
				404A17072BB3A94000793610 /* Assets.xcassets */,
				404A17092BB3A94000793610 /* LaunchScreen.storyboard */,
				404A16FD2BB3A93F00793610 /* SceneDelegate.swift */,
				404A16FB2BB3A93F00793610 /* AppDelegate.swift */,
				404A17342BB49EEB00793610 /* Constants.swift */,
			);
			path = Other;
			sourceTree = "<group>";
		};
		404A17372BB4A0AC00793610 /* ViewController */ = {
			isa = PBXGroup;
			children = (
				404A16FF2BB3A93F00793610 /* BaseViewController.swift */,
				404A173C2BB5586700793610 /* RecipeDetailViewController.swift */,
				404A17472BB7D29200793610 /* CategoriesViewController.swift */,
			);
			path = ViewController;
			sourceTree = "<group>";
		};
		404A17442BB7A1FC00793610 /* API */ = {
			isa = PBXGroup;
			children = (
				404A17452BB7A20B00793610 /* APICalls.swift */,
			);
			path = API;
			sourceTree = "<group>";
		};
/* End PBXGroup section */

/* Begin PBXNativeTarget section */
		404A16F72BB3A93F00793610 /* RecipeApp */ = {
			isa = PBXNativeTarget;
			buildConfigurationList = 404A17252BB3A94000793610 /* Build configuration list for PBXNativeTarget "RecipeApp" */;
			buildPhases = (
				404A16F42BB3A93F00793610 /* Sources */,
				404A16F52BB3A93F00793610 /* Frameworks */,
				404A16F62BB3A93F00793610 /* Resources */,
			);
			buildRules = (
			);
			dependencies = (
			);
			name = RecipeApp;
			productName = RecipeApp;
			productReference = 404A16F82BB3A93F00793610 /* RecipeApp.app */;
			productType = "com.apple.product-type.application";
		};
		404A17102BB3A94000793610 /* RecipeAppTests */ = {
			isa = PBXNativeTarget;
			buildConfigurationList = 404A17282BB3A94000793610 /* Build configuration list for PBXNativeTarget "RecipeAppTests" */;
			buildPhases = (
				404A170D2BB3A94000793610 /* Sources */,
				404A170E2BB3A94000793610 /* Frameworks */,
				404A170F2BB3A94000793610 /* Resources */,
			);
			buildRules = (
			);
			dependencies = (
				404A17132BB3A94000793610 /* PBXTargetDependency */,
			);
			name = RecipeAppTests;
			productName = RecipeAppTests;
			productReference = 404A17112BB3A94000793610 /* RecipeAppTests.xctest */;
			productType = "com.apple.product-type.bundle.unit-test";
		};
		404A171A2BB3A94000793610 /* RecipeAppUITests */ = {
			isa = PBXNativeTarget;
			buildConfigurationList = 404A172B2BB3A94000793610 /* Build configuration list for PBXNativeTarget "RecipeAppUITests" */;
			buildPhases = (
				404A17172BB3A94000793610 /* Sources */,
				404A17182BB3A94000793610 /* Frameworks */,
				404A17192BB3A94000793610 /* Resources */,
			);
			buildRules = (
			);
			dependencies = (
				404A171D2BB3A94000793610 /* PBXTargetDependency */,
			);
			name = RecipeAppUITests;
			productName = RecipeAppUITests;
			productReference = 404A171B2BB3A94000793610 /* RecipeAppUITests.xctest */;
			productType = "com.apple.product-type.bundle.ui-testing";
		};
/* End PBXNativeTarget section */

/* Begin PBXProject section */
		404A16F02BB3A93F00793610 /* Project object */ = {
			isa = PBXProject;
			attributes = {
				BuildIndependentTargetsInParallel = 1;
				LastSwiftUpdateCheck = 1400;
				LastUpgradeCheck = 1400;
				TargetAttributes = {
					404A16F72BB3A93F00793610 = {
						CreatedOnToolsVersion = 14.0.1;
					};
					404A17102BB3A94000793610 = {
						CreatedOnToolsVersion = 14.0.1;
						TestTargetID = 404A16F72BB3A93F00793610;
					};
					404A171A2BB3A94000793610 = {
						CreatedOnToolsVersion = 14.0.1;
						TestTargetID = 404A16F72BB3A93F00793610;
					};
				};
			};
			buildConfigurationList = 404A16F32BB3A93F00793610 /* Build configuration list for PBXProject "RecipeApp" */;
			compatibilityVersion = "Xcode 14.0";
			developmentRegion = en;
			hasScannedForEncodings = 0;
			knownRegions = (
				en,
				Base,
			);
			mainGroup = 404A16EF2BB3A93F00793610;
			productRefGroup = 404A16F92BB3A93F00793610 /* Products */;
			projectDirPath = "";
			projectRoot = "";
			targets = (
				404A16F72BB3A93F00793610 /* RecipeApp */,
				404A17102BB3A94000793610 /* RecipeAppTests */,
				404A171A2BB3A94000793610 /* RecipeAppUITests */,
			);
		};
/* End PBXProject section */

/* Begin PBXResourcesBuildPhase section */
		404A16F62BB3A93F00793610 /* Resources */ = {
			isa = PBXResourcesBuildPhase;
			buildActionMask = 2147483647;
			files = (
				404A170B2BB3A94000793610 /* LaunchScreen.storyboard in Resources */,
				404A17082BB3A94000793610 /* Assets.xcassets in Resources */,
			);
			runOnlyForDeploymentPostprocessing = 0;
		};
		404A170F2BB3A94000793610 /* Resources */ = {
			isa = PBXResourcesBuildPhase;
			buildActionMask = 2147483647;
			files = (
			);
			runOnlyForDeploymentPostprocessing = 0;
		};
		404A17192BB3A94000793610 /* Resources */ = {
			isa = PBXResourcesBuildPhase;
			buildActionMask = 2147483647;
			files = (
			);
			runOnlyForDeploymentPostprocessing = 0;
		};
/* End PBXResourcesBuildPhase section */

/* Begin PBXSourcesBuildPhase section */
		404A16F42BB3A93F00793610 /* Sources */ = {
			isa = PBXSourcesBuildPhase;
			buildActionMask = 2147483647;
			files = (
				404A17002BB3A93F00793610 /* BaseViewController.swift in Sources */,
				404A173D2BB5586700793610 /* RecipeDetailViewController.swift in Sources */,
				404A16FC2BB3A93F00793610 /* AppDelegate.swift in Sources */,
				404A17322BB3B1C700793610 /* CategoriesViewModel.swift in Sources */,
				404A17432BB79BFF00793610 /* RecipeViewModel.swift in Sources */,
				404A16FE2BB3A93F00793610 /* SceneDelegate.swift in Sources */,
				404A17062BB3A93F00793610 /* RecipeApp.xcdatamodeld in Sources */,
				404A17352BB49EEB00793610 /* Constants.swift in Sources */,
				404A17462BB7A20B00793610 /* APICalls.swift in Sources */,
				404A17392BB4A47D00793610 /* Category.swift in Sources */,
				404A173B2BB4B07800793610 /* CategoriesTableViewCell.swift in Sources */,
				404A173F2BB559A300793610 /* Recipe.swift in Sources */,
				404A17482BB7D29200793610 /* CategoriesViewController.swift in Sources */,
				404A17412BB55DEA00793610 /* Meal.swift in Sources */,
				404A174A2BB8A7B300793610 /* MealsTableViewCell.swift in Sources */,
			);
			runOnlyForDeploymentPostprocessing = 0;
		};
		404A170D2BB3A94000793610 /* Sources */ = {
			isa = PBXSourcesBuildPhase;
			buildActionMask = 2147483647;
			files = (
				404A17162BB3A94000793610 /* RecipeAppTests.swift in Sources */,
			);
			runOnlyForDeploymentPostprocessing = 0;
		};
		404A17172BB3A94000793610 /* Sources */ = {
			isa = PBXSourcesBuildPhase;
			buildActionMask = 2147483647;
			files = (
				404A17222BB3A94000793610 /* RecipeAppUITestsLaunchTests.swift in Sources */,
				404A17202BB3A94000793610 /* RecipeAppUITests.swift in Sources */,
			);
			runOnlyForDeploymentPostprocessing = 0;
		};
/* End PBXSourcesBuildPhase section */

/* Begin PBXTargetDependency section */
		404A17132BB3A94000793610 /* PBXTargetDependency */ = {
			isa = PBXTargetDependency;
			target = 404A16F72BB3A93F00793610 /* RecipeApp */;
			targetProxy = 404A17122BB3A94000793610 /* PBXContainerItemProxy */;
		};
		404A171D2BB3A94000793610 /* PBXTargetDependency */ = {
			isa = PBXTargetDependency;
			target = 404A16F72BB3A93F00793610 /* RecipeApp */;
			targetProxy = 404A171C2BB3A94000793610 /* PBXContainerItemProxy */;
		};
/* End PBXTargetDependency section */

/* Begin PBXVariantGroup section */
		404A17092BB3A94000793610 /* LaunchScreen.storyboard */ = {
			isa = PBXVariantGroup;
			children = (
				404A170A2BB3A94000793610 /* Base */,
			);
			name = LaunchScreen.storyboard;
			sourceTree = "<group>";
		};
/* End PBXVariantGroup section */

/* Begin XCBuildConfiguration section */
		404A17232BB3A94000793610 /* Debug */ = {
			isa = XCBuildConfiguration;
			buildSettings = {
				ALWAYS_SEARCH_USER_PATHS = NO;
				CLANG_ANALYZER_NONNULL = YES;
				CLANG_ANALYZER_NUMBER_OBJECT_CONVERSION = YES_AGGRESSIVE;
				CLANG_CXX_LANGUAGE_STANDARD = "gnu++20";
				CLANG_ENABLE_MODULES = YES;
				CLANG_ENABLE_OBJC_ARC = YES;
				CLANG_ENABLE_OBJC_WEAK = YES;
				CLANG_WARN_BLOCK_CAPTURE_AUTORELEASING = YES;
				CLANG_WARN_BOOL_CONVERSION = YES;
				CLANG_WARN_COMMA = YES;
				CLANG_WARN_CONSTANT_CONVERSION = YES;
				CLANG_WARN_DEPRECATED_OBJC_IMPLEMENTATIONS = YES;
				CLANG_WARN_DIRECT_OBJC_ISA_USAGE = YES_ERROR;
				CLANG_WARN_DOCUMENTATION_COMMENTS = YES;
				CLANG_WARN_EMPTY_BODY = YES;
				CLANG_WARN_ENUM_CONVERSION = YES;
				CLANG_WARN_INFINITE_RECURSION = YES;
				CLANG_WARN_INT_CONVERSION = YES;
				CLANG_WARN_NON_LITERAL_NULL_CONVERSION = YES;
				CLANG_WARN_OBJC_IMPLICIT_RETAIN_SELF = YES;
				CLANG_WARN_OBJC_LITERAL_CONVERSION = YES;
				CLANG_WARN_OBJC_ROOT_CLASS = YES_ERROR;
				CLANG_WARN_QUOTED_INCLUDE_IN_FRAMEWORK_HEADER = YES;
				CLANG_WARN_RANGE_LOOP_ANALYSIS = YES;
				CLANG_WARN_STRICT_PROTOTYPES = YES;
				CLANG_WARN_SUSPICIOUS_MOVE = YES;
				CLANG_WARN_UNGUARDED_AVAILABILITY = YES_AGGRESSIVE;
				CLANG_WARN_UNREACHABLE_CODE = YES;
				CLANG_WARN__DUPLICATE_METHOD_MATCH = YES;
				COPY_PHASE_STRIP = NO;
				DEBUG_INFORMATION_FORMAT = dwarf;
				ENABLE_STRICT_OBJC_MSGSEND = YES;
				ENABLE_TESTABILITY = YES;
				GCC_C_LANGUAGE_STANDARD = gnu11;
				GCC_DYNAMIC_NO_PIC = NO;
				GCC_NO_COMMON_BLOCKS = YES;
				GCC_OPTIMIZATION_LEVEL = 0;
				GCC_PREPROCESSOR_DEFINITIONS = (
					"DEBUG=1",
					"$(inherited)",
				);
				GCC_WARN_64_TO_32_BIT_CONVERSION = YES;
				GCC_WARN_ABOUT_RETURN_TYPE = YES_ERROR;
				GCC_WARN_UNDECLARED_SELECTOR = YES;
				GCC_WARN_UNINITIALIZED_AUTOS = YES_AGGRESSIVE;
				GCC_WARN_UNUSED_FUNCTION = YES;
				GCC_WARN_UNUSED_VARIABLE = YES;
				IPHONEOS_DEPLOYMENT_TARGET = 16.0;
				MTL_ENABLE_DEBUG_INFO = INCLUDE_SOURCE;
				MTL_FAST_MATH = YES;
				ONLY_ACTIVE_ARCH = YES;
				SDKROOT = iphoneos;
				SWIFT_ACTIVE_COMPILATION_CONDITIONS = DEBUG;
				SWIFT_OPTIMIZATION_LEVEL = "-Onone";
			};
			name = Debug;
		};
		404A17242BB3A94000793610 /* Release */ = {
			isa = XCBuildConfiguration;
			buildSettings = {
				ALWAYS_SEARCH_USER_PATHS = NO;
				CLANG_ANALYZER_NONNULL = YES;
				CLANG_ANALYZER_NUMBER_OBJECT_CONVERSION = YES_AGGRESSIVE;
				CLANG_CXX_LANGUAGE_STANDARD = "gnu++20";
				CLANG_ENABLE_MODULES = YES;
				CLANG_ENABLE_OBJC_ARC = YES;
				CLANG_ENABLE_OBJC_WEAK = YES;
				CLANG_WARN_BLOCK_CAPTURE_AUTORELEASING = YES;
				CLANG_WARN_BOOL_CONVERSION = YES;
				CLANG_WARN_COMMA = YES;
				CLANG_WARN_CONSTANT_CONVERSION = YES;
				CLANG_WARN_DEPRECATED_OBJC_IMPLEMENTATIONS = YES;
				CLANG_WARN_DIRECT_OBJC_ISA_USAGE = YES_ERROR;
				CLANG_WARN_DOCUMENTATION_COMMENTS = YES;
				CLANG_WARN_EMPTY_BODY = YES;
				CLANG_WARN_ENUM_CONVERSION = YES;
				CLANG_WARN_INFINITE_RECURSION = YES;
				CLANG_WARN_INT_CONVERSION = YES;
				CLANG_WARN_NON_LITERAL_NULL_CONVERSION = YES;
				CLANG_WARN_OBJC_IMPLICIT_RETAIN_SELF = YES;
				CLANG_WARN_OBJC_LITERAL_CONVERSION = YES;
				CLANG_WARN_OBJC_ROOT_CLASS = YES_ERROR;
				CLANG_WARN_QUOTED_INCLUDE_IN_FRAMEWORK_HEADER = YES;
				CLANG_WARN_RANGE_LOOP_ANALYSIS = YES;
				CLANG_WARN_STRICT_PROTOTYPES = YES;
				CLANG_WARN_SUSPICIOUS_MOVE = YES;
				CLANG_WARN_UNGUARDED_AVAILABILITY = YES_AGGRESSIVE;
				CLANG_WARN_UNREACHABLE_CODE = YES;
				CLANG_WARN__DUPLICATE_METHOD_MATCH = YES;
				COPY_PHASE_STRIP = NO;
				DEBUG_INFORMATION_FORMAT = "dwarf-with-dsym";
				ENABLE_NS_ASSERTIONS = NO;
				ENABLE_STRICT_OBJC_MSGSEND = YES;
				GCC_C_LANGUAGE_STANDARD = gnu11;
				GCC_NO_COMMON_BLOCKS = YES;
				GCC_WARN_64_TO_32_BIT_CONVERSION = YES;
				GCC_WARN_ABOUT_RETURN_TYPE = YES_ERROR;
				GCC_WARN_UNDECLARED_SELECTOR = YES;
				GCC_WARN_UNINITIALIZED_AUTOS = YES_AGGRESSIVE;
				GCC_WARN_UNUSED_FUNCTION = YES;
				GCC_WARN_UNUSED_VARIABLE = YES;
				IPHONEOS_DEPLOYMENT_TARGET = 16.0;
				MTL_ENABLE_DEBUG_INFO = NO;
				MTL_FAST_MATH = YES;
				SDKROOT = iphoneos;
				SWIFT_COMPILATION_MODE = wholemodule;
				SWIFT_OPTIMIZATION_LEVEL = "-O";
				VALIDATE_PRODUCT = YES;
			};
			name = Release;
		};
		404A17262BB3A94000793610 /* Debug */ = {
			isa = XCBuildConfiguration;
			buildSettings = {
				ASSETCATALOG_COMPILER_APPICON_NAME = AppIcon;
				ASSETCATALOG_COMPILER_GLOBAL_ACCENT_COLOR_NAME = AccentColor;
				CODE_SIGN_STYLE = Automatic;
				CURRENT_PROJECT_VERSION = 1;
				GENERATE_INFOPLIST_FILE = YES;
				INFOPLIST_FILE = RecipeApp/Info.plist;
				INFOPLIST_KEY_UIApplicationSupportsIndirectInputEvents = YES;
				INFOPLIST_KEY_UILaunchStoryboardName = LaunchScreen;
				INFOPLIST_KEY_UISupportedInterfaceOrientations_iPad = "UIInterfaceOrientationPortrait UIInterfaceOrientationPortraitUpsideDown UIInterfaceOrientationLandscapeLeft UIInterfaceOrientationLandscapeRight";
				INFOPLIST_KEY_UISupportedInterfaceOrientations_iPhone = "UIInterfaceOrientationPortrait UIInterfaceOrientationLandscapeLeft UIInterfaceOrientationLandscapeRight";
				IPHONEOS_DEPLOYMENT_TARGET = 15.0;
				LD_RUNPATH_SEARCH_PATHS = (
					"$(inherited)",
					"@executable_path/Frameworks",
				);
				MARKETING_VERSION = 1.0;
				PRODUCT_BUNDLE_IDENTIFIER = com.shivam.RecipeApp;
				PRODUCT_NAME = "$(TARGET_NAME)";
				SWIFT_EMIT_LOC_STRINGS = YES;
				SWIFT_VERSION = 5.0;
				TARGETED_DEVICE_FAMILY = "1,2";
			};
			name = Debug;
		};
		404A17272BB3A94000793610 /* Release */ = {
			isa = XCBuildConfiguration;
			buildSettings = {
				ASSETCATALOG_COMPILER_APPICON_NAME = AppIcon;
				ASSETCATALOG_COMPILER_GLOBAL_ACCENT_COLOR_NAME = AccentColor;
				CODE_SIGN_STYLE = Automatic;
				CURRENT_PROJECT_VERSION = 1;
				GENERATE_INFOPLIST_FILE = YES;
				INFOPLIST_FILE = RecipeApp/Info.plist;
				INFOPLIST_KEY_UIApplicationSupportsIndirectInputEvents = YES;
				INFOPLIST_KEY_UILaunchStoryboardName = LaunchScreen;
				INFOPLIST_KEY_UISupportedInterfaceOrientations_iPad = "UIInterfaceOrientationPortrait UIInterfaceOrientationPortraitUpsideDown UIInterfaceOrientationLandscapeLeft UIInterfaceOrientationLandscapeRight";
				INFOPLIST_KEY_UISupportedInterfaceOrientations_iPhone = "UIInterfaceOrientationPortrait UIInterfaceOrientationLandscapeLeft UIInterfaceOrientationLandscapeRight";
				IPHONEOS_DEPLOYMENT_TARGET = 15.0;
				LD_RUNPATH_SEARCH_PATHS = (
					"$(inherited)",
					"@executable_path/Frameworks",
				);
				MARKETING_VERSION = 1.0;
				PRODUCT_BUNDLE_IDENTIFIER = com.shivam.RecipeApp;
				PRODUCT_NAME = "$(TARGET_NAME)";
				SWIFT_EMIT_LOC_STRINGS = YES;
				SWIFT_VERSION = 5.0;
				TARGETED_DEVICE_FAMILY = "1,2";
			};
			name = Release;
		};
		404A17292BB3A94000793610 /* Debug */ = {
			isa = XCBuildConfiguration;
			buildSettings = {
				ALWAYS_EMBED_SWIFT_STANDARD_LIBRARIES = YES;
				BUNDLE_LOADER = "$(TEST_HOST)";
				CODE_SIGN_STYLE = Automatic;
				CURRENT_PROJECT_VERSION = 1;
				GENERATE_INFOPLIST_FILE = YES;
				IPHONEOS_DEPLOYMENT_TARGET = 16.0;
				MARKETING_VERSION = 1.0;
				PRODUCT_BUNDLE_IDENTIFIER = com.shivam.RecipeAppTests;
				PRODUCT_NAME = "$(TARGET_NAME)";
				SWIFT_EMIT_LOC_STRINGS = NO;
				SWIFT_VERSION = 5.0;
				TARGETED_DEVICE_FAMILY = "1,2";
				TEST_HOST = "$(BUILT_PRODUCTS_DIR)/RecipeApp.app/$(BUNDLE_EXECUTABLE_FOLDER_PATH)/RecipeApp";
			};
			name = Debug;
		};
		404A172A2BB3A94000793610 /* Release */ = {
			isa = XCBuildConfiguration;
			buildSettings = {
				ALWAYS_EMBED_SWIFT_STANDARD_LIBRARIES = YES;
				BUNDLE_LOADER = "$(TEST_HOST)";
				CODE_SIGN_STYLE = Automatic;
				CURRENT_PROJECT_VERSION = 1;
				GENERATE_INFOPLIST_FILE = YES;
				IPHONEOS_DEPLOYMENT_TARGET = 16.0;
				MARKETING_VERSION = 1.0;
				PRODUCT_BUNDLE_IDENTIFIER = com.shivam.RecipeAppTests;
				PRODUCT_NAME = "$(TARGET_NAME)";
				SWIFT_EMIT_LOC_STRINGS = NO;
				SWIFT_VERSION = 5.0;
				TARGETED_DEVICE_FAMILY = "1,2";
				TEST_HOST = "$(BUILT_PRODUCTS_DIR)/RecipeApp.app/$(BUNDLE_EXECUTABLE_FOLDER_PATH)/RecipeApp";
			};
			name = Release;
		};
		404A172C2BB3A94000793610 /* Debug */ = {
			isa = XCBuildConfiguration;
			buildSettings = {
				ALWAYS_EMBED_SWIFT_STANDARD_LIBRARIES = YES;
				CODE_SIGN_STYLE = Automatic;
				CURRENT_PROJECT_VERSION = 1;
				GENERATE_INFOPLIST_FILE = YES;
				MARKETING_VERSION = 1.0;
				PRODUCT_BUNDLE_IDENTIFIER = com.shivam.RecipeAppUITests;
				PRODUCT_NAME = "$(TARGET_NAME)";
				SWIFT_EMIT_LOC_STRINGS = NO;
				SWIFT_VERSION = 5.0;
				TARGETED_DEVICE_FAMILY = "1,2";
				TEST_TARGET_NAME = RecipeApp;
			};
			name = Debug;
		};
		404A172D2BB3A94000793610 /* Release */ = {
			isa = XCBuildConfiguration;
			buildSettings = {
				ALWAYS_EMBED_SWIFT_STANDARD_LIBRARIES = YES;
				CODE_SIGN_STYLE = Automatic;
				CURRENT_PROJECT_VERSION = 1;
				GENERATE_INFOPLIST_FILE = YES;
				MARKETING_VERSION = 1.0;
				PRODUCT_BUNDLE_IDENTIFIER = com.shivam.RecipeAppUITests;
				PRODUCT_NAME = "$(TARGET_NAME)";
				SWIFT_EMIT_LOC_STRINGS = NO;
				SWIFT_VERSION = 5.0;
				TARGETED_DEVICE_FAMILY = "1,2";
				TEST_TARGET_NAME = RecipeApp;
			};
			name = Release;
		};
/* End XCBuildConfiguration section */

/* Begin XCConfigurationList section */
		404A16F32BB3A93F00793610 /* Build configuration list for PBXProject "RecipeApp" */ = {
			isa = XCConfigurationList;
			buildConfigurations = (
				404A17232BB3A94000793610 /* Debug */,
				404A17242BB3A94000793610 /* Release */,
			);
			defaultConfigurationIsVisible = 0;
			defaultConfigurationName = Release;
		};
		404A17252BB3A94000793610 /* Build configuration list for PBXNativeTarget "RecipeApp" */ = {
			isa = XCConfigurationList;
			buildConfigurations = (
				404A17262BB3A94000793610 /* Debug */,
				404A17272BB3A94000793610 /* Release */,
			);
			defaultConfigurationIsVisible = 0;
			defaultConfigurationName = Release;
		};
		404A17282BB3A94000793610 /* Build configuration list for PBXNativeTarget "RecipeAppTests" */ = {
			isa = XCConfigurationList;
			buildConfigurations = (
				404A17292BB3A94000793610 /* Debug */,
				404A172A2BB3A94000793610 /* Release */,
			);
			defaultConfigurationIsVisible = 0;
			defaultConfigurationName = Release;
		};
		404A172B2BB3A94000793610 /* Build configuration list for PBXNativeTarget "RecipeAppUITests" */ = {
			isa = XCConfigurationList;
			buildConfigurations = (
				404A172C2BB3A94000793610 /* Debug */,
				404A172D2BB3A94000793610 /* Release */,
			);
			defaultConfigurationIsVisible = 0;
			defaultConfigurationName = Release;
		};
/* End XCConfigurationList section */

/* Begin XCVersionGroup section */
		404A17042BB3A93F00793610 /* RecipeApp.xcdatamodeld */ = {
			isa = XCVersionGroup;
			children = (
				404A17052BB3A93F00793610 /* RecipeApp.xcdatamodel */,
			);
			currentVersion = 404A17052BB3A93F00793610 /* RecipeApp.xcdatamodel */;
			path = RecipeApp.xcdatamodeld;
			sourceTree = "<group>";
			versionGroupType = wrapper.xcdatamodel;
		};
/* End XCVersionGroup section */
	};
	rootObject = 404A16F02BB3A93F00793610 /* Project object */;
}
